
Microsoft Visual Studio Solution File, Format Version 12.00
# Visual Studio Version 17
VisualStudioVersion = 17.11.35327.3
MinimumVisualStudioVersion = 10.0.40219.1
Project("{F184B08F-C81C-45F6-A57F-5ABD9991F28F}") = "AshIModern", "AshIModern\AshIModern.vbproj", "{E2B15AE0-A048-48DE-8370-1784782205B9}"
EndProject
Global
	GlobalSection(SolutionConfigurationPlatforms) = preSolution
		Debug|Any CPU = Debug|Any CPU
		Release|Any CPU = Release|Any CPU
	EndGlobalSection
	GlobalSection(ProjectConfigurationPlatforms) = postSolution
		{E2B15AE0-A048-48DE-8370-1784782205B9}.Debug|Any CPU.ActiveCfg = Debug|Any CPU
		{E2B15AE0-A048-48DE-8370-1784782205B9}.Debug|Any CPU.Build.0 = Debug|Any CPU
		{E2B15AE0-A048-48DE-8370-1784782205B9}.Release|Any CPU.ActiveCfg = Release|Any CPU
		{E2B15AE0-A048-48DE-8370-1784782205B9}.Release|Any CPU.Build.0 = Release|Any CPU
	EndGlobalSection
	GlobalSection(SolutionProperties) = preSolution
		HideSolutionNode = FALSE
	EndGlobalSection
	GlobalSection(ExtensibilityGlobals) = postSolution
		SolutionGuid = {E18D6C19-2820-4636-8F69-500921C4A002}
	EndGlobalSection
EndGlobal
